
Microsoft Visual Studio Solution File, Format Version 12.00
# Visual Studio Version 16
VisualStudioVersion = 16.0.31515.178
MinimumVisualStudioVersion = 10.0.40219.1
Project("{FAE04EC0-301F-11D3-BF4B-00C04F79EFBC}") = "WebAdvert.SearchWorker", "WebAdvert.SearchWorker.csproj", "{93AC4478-C5DC-4B01-8079-D2B72A657802}"
EndProject
Global
	GlobalSection(SolutionConfigurationPlatforms) = preSolution
		Debug|Any CPU = Debug|Any CPU
		Release|Any CPU = Release|Any CPU
	EndGlobalSection
	GlobalSection(ProjectConfigurationPlatforms) = postSolution
		{93AC4478-C5DC-4B01-8079-D2B72A657802}.Debug|Any CPU.ActiveCfg = Debug|Any CPU
		{93AC4478-C5DC-4B01-8079-D2B72A657802}.Debug|Any CPU.Build.0 = Debug|Any CPU
		{93AC4478-C5DC-4B01-8079-D2B72A657802}.Release|Any CPU.ActiveCfg = Release|Any CPU
		{93AC4478-C5DC-4B01-8079-D2B72A657802}.Release|Any CPU.Build.0 = Release|Any CPU
	EndGlobalSection
	GlobalSection(SolutionProperties) = preSolution
		HideSolutionNode = FALSE
	EndGlobalSection
	GlobalSection(ExtensibilityGlobals) = postSolution
		SolutionGuid = {EABFD0CE-B71D-4282-AA14-1A3D3F415D38}
	EndGlobalSection
EndGlobal
